// !$*UTF8*$!
{
	archiveVersion = 1;
	classes = {
	};
	objectVersion = 46;
	objects = {

/* Begin PBXBuildFile section */
		0A2B0E66146011A0002151B6 /* urlspy.icns in Resources */ = {isa = PBXBuildFile; fileRef = 0A2B0E65146011A0002151B6 /* urlspy.icns */; };
		0A758355145F7CBF00F7BBC7 /* Cocoa.framework in Frameworks */ = {isa = PBXBuildFile; fileRef = 0A758354145F7CBF00F7BBC7 /* Cocoa.framework */; };
		0A75835F145F7CBF00F7BBC7 /* InfoPlist.strings in Resources */ = {isa = PBXBuildFile; fileRef = 0A75835D145F7CBF00F7BBC7 /* InfoPlist.strings */; };
		0A758361145F7CBF00F7BBC7 /* main.m in Sources */ = {isa = PBXBuildFile; fileRef = 0A758360145F7CBF00F7BBC7 /* main.m */; };
		0A758365145F7CBF00F7BBC7 /* Credits.rtf in Resources */ = {isa = PBXBuildFile; fileRef = 0A758363145F7CBF00F7BBC7 /* Credits.rtf */; };
		0A758368145F7CBF00F7BBC7 /* ETAppDelegate.m in Sources */ = {isa = PBXBuildFile; fileRef = 0A758367145F7CBF00F7BBC7 /* ETAppDelegate.m */; };
		0A75836B145F7CBF00F7BBC7 /* MainMenu.xib in Resources */ = {isa = PBXBuildFile; fileRef = 0A758369145F7CBF00F7BBC7 /* MainMenu.xib */; };
		0A758373145F7DC100F7BBC7 /* FileTailer.m in Sources */ = {isa = PBXBuildFile; fileRef = 0A758372145F7DC100F7BBC7 /* FileTailer.m */; };
/* End PBXBuildFile section */

/* Begin PBXFileReference section */
		0A2B0E65146011A0002151B6 /* urlspy.icns */ = {isa = PBXFileReference; lastKnownFileType = image.icns; path = urlspy.icns; sourceTree = "<group>"; };
		0A758350145F7CBF00F7BBC7 /* URLSpy.app */ = {isa = PBXFileReference; explicitFileType = wrapper.application; includeInIndex = 0; path = URLSpy.app; sourceTree = BUILT_PRODUCTS_DIR; };
		0A758354145F7CBF00F7BBC7 /* Cocoa.framework */ = {isa = PBXFileReference; lastKnownFileType = wrapper.framework; name = Cocoa.framework; path = System/Library/Frameworks/Cocoa.framework; sourceTree = SDKROOT; };
		0A758357145F7CBF00F7BBC7 /* AppKit.framework */ = {isa = PBXFileReference; lastKnownFileType = wrapper.framework; name = AppKit.framework; path = System/Library/Frameworks/AppKit.framework; sourceTree = SDKROOT; };
		0A758358145F7CBF00F7BBC7 /* CoreData.framework */ = {isa = PBXFileReference; lastKnownFileType = wrapper.framework; name = CoreData.framework; path = System/Library/Frameworks/CoreData.framework; sourceTree = SDKROOT; };
		0A758359145F7CBF00F7BBC7 /* Foundation.framework */ = {isa = PBXFileReference; lastKnownFileType = wrapper.framework; name = Foundation.framework; path = System/Library/Frameworks/Foundation.framework; sourceTree = SDKROOT; };
		0A75835C145F7CBF00F7BBC7 /* URLSpy-Info.plist */ = {isa = PBXFileReference; lastKnownFileType = text.plist.xml; path = "URLSpy-Info.plist"; sourceTree = "<group>"; };
		0A75835E145F7CBF00F7BBC7 /* en */ = {isa = PBXFileReference; lastKnownFileType = text.plist.strings; name = en; path = en.lproj/InfoPlist.strings; sourceTree = "<group>"; };
		0A758360145F7CBF00F7BBC7 /* main.m */ = {isa = PBXFileReference; lastKnownFileType = sourcecode.c.objc; path = main.m; sourceTree = "<group>"; };
		0A758362145F7CBF00F7BBC7 /* URLSpy-Prefix.pch */ = {isa = PBXFileReference; lastKnownFileType = sourcecode.c.h; path = "URLSpy-Prefix.pch"; sourceTree = "<group>"; };
		0A758364145F7CBF00F7BBC7 /* en */ = {isa = PBXFileReference; lastKnownFileType = text.rtf; name = en; path = en.lproj/Credits.rtf; sourceTree = "<group>"; };
		0A758366145F7CBF00F7BBC7 /* ETAppDelegate.h */ = {isa = PBXFileReference; lastKnownFileType = sourcecode.c.h; path = ETAppDelegate.h; sourceTree = "<group>"; };
		0A758367145F7CBF00F7BBC7 /* ETAppDelegate.m */ = {isa = PBXFileReference; lastKnownFileType = sourcecode.c.objc; path = ETAppDelegate.m; sourceTree = "<group>"; };
		0A75836A145F7CBF00F7BBC7 /* en */ = {isa = PBXFileReference; lastKnownFileType = file.xib; name = en; path = en.lproj/MainMenu.xib; sourceTree = "<group>"; };
		0A758371145F7DC100F7BBC7 /* FileTailer.h */ = {isa = PBXFileReference; fileEncoding = 4; lastKnownFileType = sourcecode.c.h; path = FileTailer.h; sourceTree = "<group>"; };
		0A758372145F7DC100F7BBC7 /* FileTailer.m */ = {isa = PBXFileReference; fileEncoding = 4; lastKnownFileType = sourcecode.c.objc; path = FileTailer.m; sourceTree = "<group>"; };
/* End PBXFileReference section */

/* Begin PBXFrameworksBuildPhase section */
		0A75834D145F7CBF00F7BBC7 /* Frameworks */ = {
			isa = PBXFrameworksBuildPhase;
			buildActionMask = 2147483647;
			files = (
				0A758355145F7CBF00F7BBC7 /* Cocoa.framework in Frameworks */,
			);
			runOnlyForDeploymentPostprocessing = 0;
		};
/* End PBXFrameworksBuildPhase section */

/* Begin PBXGroup section */
		0A758345145F7CBF00F7BBC7 = {
			isa = PBXGroup;
			children = (
				0A75835A145F7CBF00F7BBC7 /* URLSpy */,
				0A758353145F7CBF00F7BBC7 /* Frameworks */,
				0A758351145F7CBF00F7BBC7 /* Products */,
			);
			sourceTree = "<group>";
		};
		0A758351145F7CBF00F7BBC7 /* Products */ = {
			isa = PBXGroup;
			children = (
				0A758350145F7CBF00F7BBC7 /* URLSpy.app */,
			);
			name = Products;
			sourceTree = "<group>";
		};
		0A758353145F7CBF00F7BBC7 /* Frameworks */ = {
			isa = PBXGroup;
			children = (
				0A758354145F7CBF00F7BBC7 /* Cocoa.framework */,
				0A758356145F7CBF00F7BBC7 /* Other Frameworks */,
			);
			name = Frameworks;
			sourceTree = "<group>";
		};
		0A758356145F7CBF00F7BBC7 /* Other Frameworks */ = {
			isa = PBXGroup;
			children = (
				0A758357145F7CBF00F7BBC7 /* AppKit.framework */,
				0A758358145F7CBF00F7BBC7 /* CoreData.framework */,
				0A758359145F7CBF00F7BBC7 /* Foundation.framework */,
			);
			name = "Other Frameworks";
			sourceTree = "<group>";
		};
		0A75835A145F7CBF00F7BBC7 /* URLSpy */ = {
			isa = PBXGroup;
			children = (
				0A758366145F7CBF00F7BBC7 /* ETAppDelegate.h */,
				0A758367145F7CBF00F7BBC7 /* ETAppDelegate.m */,
				0A758369145F7CBF00F7BBC7 /* MainMenu.xib */,
				0A75835B145F7CBF00F7BBC7 /* Supporting Files */,
				0A758371145F7DC100F7BBC7 /* FileTailer.h */,
				0A758372145F7DC100F7BBC7 /* FileTailer.m */,
			);
			path = URLSpy;
			sourceTree = "<group>";
		};
		0A75835B145F7CBF00F7BBC7 /* Supporting Files */ = {
			isa = PBXGroup;
			children = (
				0A2B0E65146011A0002151B6 /* urlspy.icns */,
				0A75835C145F7CBF00F7BBC7 /* URLSpy-Info.plist */,
				0A75835D145F7CBF00F7BBC7 /* InfoPlist.strings */,
				0A758360145F7CBF00F7BBC7 /* main.m */,
				0A758362145F7CBF00F7BBC7 /* URLSpy-Prefix.pch */,
				0A758363145F7CBF00F7BBC7 /* Credits.rtf */,
			);
			name = "Supporting Files";
			sourceTree = "<group>";
		};
/* End PBXGroup section */

/* Begin PBXNativeTarget section */
		0A75834F145F7CBF00F7BBC7 /* URLSpy */ = {
			isa = PBXNativeTarget;
			buildConfigurationList = 0A75836E145F7CBF00F7BBC7 /* Build configuration list for PBXNativeTarget "URLSpy" */;
			buildPhases = (
				0A75834C145F7CBF00F7BBC7 /* Sources */,
				0A75834D145F7CBF00F7BBC7 /* Frameworks */,
				0A75834E145F7CBF00F7BBC7 /* Resources */,
			);
			buildRules = (
			);
			dependencies = (
			);
			name = URLSpy;
			productName = URLSpy;
			productReference = 0A758350145F7CBF00F7BBC7 /* URLSpy.app */;
			productType = "com.apple.product-type.application";
		};
/* End PBXNativeTarget section */

/* Begin PBXProject section */
		0A758347145F7CBF00F7BBC7 /* Project object */ = {
			isa = PBXProject;
			attributes = {
				LastUpgradeCheck = 0420;
				ORGANIZATIONNAME = EverTrue;
			};
			buildConfigurationList = 0A75834A145F7CBF00F7BBC7 /* Build configuration list for PBXProject "URLSpy" */;
			compatibilityVersion = "Xcode 3.2";
			developmentRegion = English;
			hasScannedForEncodings = 0;
			knownRegions = (
				en,
			);
			mainGroup = 0A758345145F7CBF00F7BBC7;
			productRefGroup = 0A758351145F7CBF00F7BBC7 /* Products */;
			projectDirPath = "";
			projectRoot = "";
			targets = (
				0A75834F145F7CBF00F7BBC7 /* URLSpy */,
			);
		};
/* End PBXProject section */

/* Begin PBXResourcesBuildPhase section */
		0A75834E145F7CBF00F7BBC7 /* Resources */ = {
			isa = PBXResourcesBuildPhase;
			buildActionMask = 2147483647;
			files = (
				0A75835F145F7CBF00F7BBC7 /* InfoPlist.strings in Resources */,
				0A758365145F7CBF00F7BBC7 /* Credits.rtf in Resources */,
				0A75836B145F7CBF00F7BBC7 /* MainMenu.xib in Resources */,
				0A2B0E66146011A0002151B6 /* urlspy.icns in Resources */,
			);
			runOnlyForDeploymentPostprocessing = 0;
		};
/* End PBXResourcesBuildPhase section */

/* Begin PBXSourcesBuildPhase section */
		0A75834C145F7CBF00F7BBC7 /* Sources */ = {
			isa = PBXSourcesBuildPhase;
			buildActionMask = 2147483647;
			files = (
				0A758361145F7CBF00F7BBC7 /* main.m in Sources */,
				0A758368145F7CBF00F7BBC7 /* ETAppDelegate.m in Sources */,
				0A758373145F7DC100F7BBC7 /* FileTailer.m in Sources */,
			);
			runOnlyForDeploymentPostprocessing = 0;
		};
/* End PBXSourcesBuildPhase section */

/* Begin PBXVariantGroup section */
		0A75835D145F7CBF00F7BBC7 /* InfoPlist.strings */ = {
			isa = PBXVariantGroup;
			children = (
				0A75835E145F7CBF00F7BBC7 /* en */,
			);
			name = InfoPlist.strings;
			sourceTree = "<group>";
		};
		0A758363145F7CBF00F7BBC7 /* Credits.rtf */ = {
			isa = PBXVariantGroup;
			children = (
				0A758364145F7CBF00F7BBC7 /* en */,
			);
			name = Credits.rtf;
			sourceTree = "<group>";
		};
		0A758369145F7CBF00F7BBC7 /* MainMenu.xib */ = {
			isa = PBXVariantGroup;
			children = (
				0A75836A145F7CBF00F7BBC7 /* en */,
			);
			name = MainMenu.xib;
			sourceTree = "<group>";
		};
/* End PBXVariantGroup section */

/* Begin XCBuildConfiguration section */
		0A75836C145F7CBF00F7BBC7 /* Debug */ = {
			isa = XCBuildConfiguration;
			buildSettings = {
				ALWAYS_SEARCH_USER_PATHS = NO;
				ARCHS = "$(ARCHS_STANDARD_64_BIT)";
				CLANG_ENABLE_OBJC_ARC = YES;
				COPY_PHASE_STRIP = NO;
				GCC_C_LANGUAGE_STANDARD = gnu99;
				GCC_DYNAMIC_NO_PIC = NO;
				GCC_ENABLE_OBJC_EXCEPTIONS = YES;
				GCC_OPTIMIZATION_LEVEL = 0;
				GCC_PREPROCESSOR_DEFINITIONS = (
					"DEBUG=1",
					"$(inherited)",
				);
				GCC_SYMBOLS_PRIVATE_EXTERN = NO;
				GCC_VERSION = com.apple.compilers.llvm.clang.1_0;
				GCC_WARN_64_TO_32_BIT_CONVERSION = YES;
				GCC_WARN_ABOUT_MISSING_PROTOTYPES = YES;
				GCC_WARN_ABOUT_RETURN_TYPE = YES;
				GCC_WARN_UNUSED_VARIABLE = YES;
				MACOSX_DEPLOYMENT_TARGET = 10.7;
				ONLY_ACTIVE_ARCH = YES;
				SDKROOT = macosx;
			};
			name = Debug;
		};
		0A75836D145F7CBF00F7BBC7 /* Release */ = {
			isa = XCBuildConfiguration;
			buildSettings = {
				ALWAYS_SEARCH_USER_PATHS = NO;
				ARCHS = "$(ARCHS_STANDARD_64_BIT)";
				CLANG_ENABLE_OBJC_ARC = YES;
				COPY_PHASE_STRIP = YES;
				DEBUG_INFORMATION_FORMAT = "dwarf-with-dsym";
				GCC_C_LANGUAGE_STANDARD = gnu99;
				GCC_ENABLE_OBJC_EXCEPTIONS = YES;
				GCC_VERSION = com.apple.compilers.llvm.clang.1_0;
				GCC_WARN_64_TO_32_BIT_CONVERSION = YES;
				GCC_WARN_ABOUT_MISSING_PROTOTYPES = YES;
				GCC_WARN_ABOUT_RETURN_TYPE = YES;
				GCC_WARN_UNUSED_VARIABLE = YES;
				MACOSX_DEPLOYMENT_TARGET = 10.7;
				SDKROOT = macosx;
			};
			name = Release;
		};
		0A75836F145F7CBF00F7BBC7 /* Debug */ = {
			isa = XCBuildConfiguration;
			buildSettings = {
				GCC_PRECOMPILE_PREFIX_HEADER = YES;
				GCC_PREFIX_HEADER = "URLSpy/URLSpy-Prefix.pch";
				INFOPLIST_FILE = "URLSpy/URLSpy-Info.plist";
				PRODUCT_NAME = "$(TARGET_NAME)";
				WRAPPER_EXTENSION = app;
			};
			name = Debug;
		};
		0A758370145F7CBF00F7BBC7 /* Release */ = {
			isa = XCBuildConfiguration;
			buildSettings = {
				GCC_PRECOMPILE_PREFIX_HEADER = YES;
				GCC_PREFIX_HEADER = "URLSpy/URLSpy-Prefix.pch";
				INFOPLIST_FILE = "URLSpy/URLSpy-Info.plist";
				PRODUCT_NAME = "$(TARGET_NAME)";
				WRAPPER_EXTENSION = app;
			};
			name = Release;
		};
/* End XCBuildConfiguration section */

/* Begin XCConfigurationList section */
		0A75834A145F7CBF00F7BBC7 /* Build configuration list for PBXProject "URLSpy" */ = {
			isa = XCConfigurationList;
			buildConfigurations = (
				0A75836C145F7CBF00F7BBC7 /* Debug */,
				0A75836D145F7CBF00F7BBC7 /* Release */,
			);
			defaultConfigurationIsVisible = 0;
			defaultConfigurationName = Release;
		};
		0A75836E145F7CBF00F7BBC7 /* Build configuration list for PBXNativeTarget "URLSpy" */ = {
			isa = XCConfigurationList;
			buildConfigurations = (
				0A75836F145F7CBF00F7BBC7 /* Debug */,
				0A758370145F7CBF00F7BBC7 /* Release */,
			);
			defaultConfigurationIsVisible = 0;
			defaultConfigurationName = Release;
		};
/* End XCConfigurationList section */
	};
	rootObject = 0A758347145F7CBF00F7BBC7 /* Project object */;
}
